
Microsoft Visual Studio Solution File, Format Version 12.00
# Visual Studio 2017
Project("{FAE04EC0-301F-11D3-BF4B-00C04F79EFBC}") = "ShellHacks", "ShellHacks.csproj", "{CE3430D2-2496-5322-D4A2-002FE014E36A}"
EndProject
Project("{FAE04EC0-301F-11D3-BF4B-00C04F79EFBC}") = "ShellHacks.Editor", "ShellHacks.Editor.csproj", "{55D5A8AD-5C2B-14F7-61F1-CFED355E217E}"
EndProject
Global
	GlobalSection(SolutionConfigurationPlatforms) = preSolution
		Debug|Any CPU = Debug|Any CPU
		Release|Any CPU = Release|Any CPU
	EndGlobalSection
	GlobalSection(ProjectConfigurationPlatforms) = postSolution
		{CE3430D2-2496-5322-D4A2-002FE014E36A}.Debug|Any CPU.ActiveCfg = Debug|Any CPU
		{CE3430D2-2496-5322-D4A2-002FE014E36A}.Debug|Any CPU.Build.0 = Debug|Any CPU
		{CE3430D2-2496-5322-D4A2-002FE014E36A}.Release|Any CPU.ActiveCfg = Release|Any CPU
		{CE3430D2-2496-5322-D4A2-002FE014E36A}.Release|Any CPU.Build.0 = Release|Any CPU
		{55D5A8AD-5C2B-14F7-61F1-CFED355E217E}.Debug|Any CPU.ActiveCfg = Debug|Any CPU
		{55D5A8AD-5C2B-14F7-61F1-CFED355E217E}.Debug|Any CPU.Build.0 = Debug|Any CPU
		{55D5A8AD-5C2B-14F7-61F1-CFED355E217E}.Release|Any CPU.ActiveCfg = Release|Any CPU
		{55D5A8AD-5C2B-14F7-61F1-CFED355E217E}.Release|Any CPU.Build.0 = Release|Any CPU
	EndGlobalSection
	GlobalSection(SolutionProperties) = preSolution
		HideSolutionNode = FALSE
	EndGlobalSection
EndGlobal
